
Microsoft Visual Studio Solution File, Format Version 12.00
# Visual Studio Version 17
VisualStudioVersion = 17.1.32407.343
MinimumVisualStudioVersion = 10.0.40219.1
Project("{9A19103F-16F7-4668-BE54-9A1E7A4F7556}") = "UsuarioAPI", "UsuarioAPI\UsuarioAPI.csproj", "{3CB4CA8B-A3AB-4957-A18F-52F102B437B1}"
EndProject
Project("{9A19103F-16F7-4668-BE54-9A1E7A4F7556}") = "PetShopApi", "PetShopApi\PetShopApi.csproj", "{2C845A41-4FB7-41D0-8EBF-6EF43E94A999}"
EndProject
Global
	GlobalSection(SolutionConfigurationPlatforms) = preSolution
		Debug|Any CPU = Debug|Any CPU
		Release|Any CPU = Release|Any CPU
	EndGlobalSection
	GlobalSection(ProjectConfigurationPlatforms) = postSolution
		{3CB4CA8B-A3AB-4957-A18F-52F102B437B1}.Debug|Any CPU.ActiveCfg = Debug|Any CPU
		{3CB4CA8B-A3AB-4957-A18F-52F102B437B1}.Debug|Any CPU.Build.0 = Debug|Any CPU
		{3CB4CA8B-A3AB-4957-A18F-52F102B437B1}.Release|Any CPU.ActiveCfg = Release|Any CPU
		{3CB4CA8B-A3AB-4957-A18F-52F102B437B1}.Release|Any CPU.Build.0 = Release|Any CPU
		{2C845A41-4FB7-41D0-8EBF-6EF43E94A999}.Debug|Any CPU.ActiveCfg = Debug|Any CPU
		{2C845A41-4FB7-41D0-8EBF-6EF43E94A999}.Debug|Any CPU.Build.0 = Debug|Any CPU
		{2C845A41-4FB7-41D0-8EBF-6EF43E94A999}.Release|Any CPU.ActiveCfg = Release|Any CPU
		{2C845A41-4FB7-41D0-8EBF-6EF43E94A999}.Release|Any CPU.Build.0 = Release|Any CPU
	EndGlobalSection
	GlobalSection(SolutionProperties) = preSolution
		HideSolutionNode = FALSE
	EndGlobalSection
	GlobalSection(ExtensibilityGlobals) = postSolution
		SolutionGuid = {C89284B2-DC19-4239-A165-F3F60CF8270A}
	EndGlobalSection
EndGlobal
